{
    "name": "portainer-backup",
    "version": "0.0.5",
    "lockfileVersion": 2,
    "requires": true,
    "packages": {
        "": {
            "name": "portainer-backup",
            "version": "0.0.5",
            "license": "Apache",
            "dependencies": {
                "axios": "^0.26.0",
                "cli-table3": "^0.6.1",
                "colors": "^1.4.0",
                "death": "^1.1.0",
                "dev-null": "^0.1.1",
                "figlet": "^1.5.2",
                "figures": "^4.0.0",
                "gradient-string": "^2.0.0",
                "log-symbols": "^5.1.0",
                "luxon": "^2.3.1",
                "node-cron": "^3.0.0",
                "pretty-bytes": "^6.0.0",
                "sanitize-filename": "^1.6.3",
                "semver-parser": "^4.0.0",
                "yargs": "^17.3.1"
            },
            "bin": {
                "portainer-backup": "src/index.js"
            }
        },
        "node_modules/@types/tinycolor2": {
            "version": "1.4.3",
            "resolved": "https://registry.npmjs.org/@types/tinycolor2/-/tinycolor2-1.4.3.tgz",
            "integrity": "sha512-Kf1w9NE5HEgGxCRyIcRXR/ZYtDv0V8FVPtYHwLxl0O+maGX0erE77pQlD0gpP+/KByMZ87mOA79SjifhSB3PjQ=="
        },
        "node_modules/ansi-regex": {
            "version": "5.0.1",
            "resolved": "https://registry.npmjs.org/ansi-regex/-/ansi-regex-5.0.1.tgz",
            "integrity": "sha512-quJQXlTSUGL2LH9SUXo8VwsY4soanhgo6LNSm84E1LBcE8s3O0wpdiRzyR9z/ZZJMlMWv37qOOb9pdJlMUEKFQ==",
            "engines": {
                "node": ">=8"
            }
        },
        "node_modules/ansi-styles": {
            "version": "4.3.0",
            "resolved": "https://registry.npmjs.org/ansi-styles/-/ansi-styles-4.3.0.tgz",
            "integrity": "sha512-zbB9rCJAT1rbjiVDb2hqKFHNYLxgtk8NURxZ3IZwD3F6NtxbXZQCnnSi1Lkx+IDohdPlFp222wVALIheZJQSEg==",
            "dependencies": {
                "color-convert": "^2.0.1"
            },
            "engines": {
                "node": ">=8"
            },
            "funding": {
                "url": "https://github.com/chalk/ansi-styles?sponsor=1"
            }
        },
        "node_modules/axios": {
            "version": "0.26.0",
            "resolved": "https://registry.npmjs.org/axios/-/axios-0.26.0.tgz",
            "integrity": "sha512-lKoGLMYtHvFrPVt3r+RBMp9nh34N0M8zEfCWqdWZx6phynIEhQqAdydpyBAAG211zlhX9Rgu08cOamy6XjE5Og==",
            "dependencies": {
                "follow-redirects": "^1.14.8"
            }
        },
        "node_modules/chalk": {
            "version": "4.1.2",
            "resolved": "https://registry.npmjs.org/chalk/-/chalk-4.1.2.tgz",
            "integrity": "sha512-oKnbhFyRIXpUuez8iBMmyEa4nbj4IOQyuhc/wy9kY7/WVPcwIO9VA668Pu8RkO7+0G76SLROeyw9CpQ061i4mA==",
            "dependencies": {
                "ansi-styles": "^4.1.0",
                "supports-color": "^7.1.0"
            },
            "engines": {
                "node": ">=10"
            },
            "funding": {
                "url": "https://github.com/chalk/chalk?sponsor=1"
            }
        },
        "node_modules/cli-table3": {
            "version": "0.6.1",
            "resolved": "https://registry.npmjs.org/cli-table3/-/cli-table3-0.6.1.tgz",
            "integrity": "sha512-w0q/enDHhPLq44ovMGdQeeDLvwxwavsJX7oQGYt/LrBlYsyaxyDnp6z3QzFut/6kLLKnlcUVJLrpB7KBfgG/RA==",
            "dependencies": {
                "string-width": "^4.2.0"
            },
            "engines": {
                "node": "10.* || >= 12.*"
            },
            "optionalDependencies": {
                "colors": "1.4.0"
            }
        },
        "node_modules/cliui": {
            "version": "7.0.4",
            "resolved": "https://registry.npmjs.org/cliui/-/cliui-7.0.4.tgz",
            "integrity": "sha512-OcRE68cOsVMXp1Yvonl/fzkQOyjLSu/8bhPDfQt0e0/Eb283TKP20Fs2MqoPsr9SwA595rRCA+QMzYc9nBP+JQ==",
            "dependencies": {
                "string-width": "^4.2.0",
                "strip-ansi": "^6.0.0",
                "wrap-ansi": "^7.0.0"
            }
        },
        "node_modules/color-convert": {
            "version": "2.0.1",
            "resolved": "https://registry.npmjs.org/color-convert/-/color-convert-2.0.1.tgz",
            "integrity": "sha512-RRECPsj7iu/xb5oKYcsFHSppFNnsj/52OVTRKb4zP5onXwVF3zVmmToNcOfGC+CRDpfK/U584fMg38ZHCaElKQ==",
            "dependencies": {
                "color-name": "~1.1.4"
            },
            "engines": {
                "node": ">=7.0.0"
            }
        },
        "node_modules/color-name": {
            "version": "1.1.4",
            "resolved": "https://registry.npmjs.org/color-name/-/color-name-1.1.4.tgz",
            "integrity": "sha512-dOy+3AuW3a2wNbZHIuMZpTcgjGuLU/uBL/ubcZF9OXbDo8ff4O8yVp5Bf0efS8uEoYo5q4Fx7dY9OgQGXgAsQA=="
        },
        "node_modules/colors": {
            "version": "1.4.0",
            "resolved": "https://registry.npmjs.org/colors/-/colors-1.4.0.tgz",
            "integrity": "sha512-a+UqTh4kgZg/SlGvfbzDHpgRu7AAQOmmqRHJnxhRZICKFUT91brVhNNt58CMWU9PsBbv3PDCZUHbVxuDiH2mtA==",
            "engines": {
                "node": ">=0.1.90"
            }
        },
        "node_modules/death": {
            "version": "1.1.0",
            "resolved": "https://registry.npmjs.org/death/-/death-1.1.0.tgz",
            "integrity": "sha1-AaqcQB7dknUFFEcLgmY5DGbGcxg="
        },
        "node_modules/dev-null": {
            "version": "0.1.1",
            "resolved": "https://registry.npmjs.org/dev-null/-/dev-null-0.1.1.tgz",
            "integrity": "sha1-WiBc48Ky73e2I41roXnrdMag6Bg="
        },
        "node_modules/emoji-regex": {
            "version": "8.0.0",
            "resolved": "https://registry.npmjs.org/emoji-regex/-/emoji-regex-8.0.0.tgz",
            "integrity": "sha512-MSjYzcWNOA0ewAHpz0MxpYFvwg6yjy1NG3xteoqz644VCo/RPgnr1/GGt+ic3iJTzQ8Eu3TdM14SawnVUmGE6A=="
        },
        "node_modules/escalade": {
            "version": "3.1.1",
            "resolved": "https://registry.npmjs.org/escalade/-/escalade-3.1.1.tgz",
            "integrity": "sha512-k0er2gUkLf8O0zKJiAhmkTnJlTvINGv7ygDNPbeIsX/TJjGJZHuh9B2UxbsaEkmlEo9MfhrSzmhIlhRlI2GXnw==",
            "engines": {
                "node": ">=6"
            }
        },
        "node_modules/escape-string-regexp": {
            "version": "5.0.0",
            "resolved": "https://registry.npmjs.org/escape-string-regexp/-/escape-string-regexp-5.0.0.tgz",
            "integrity": "sha512-/veY75JbMK4j1yjvuUxuVsiS/hr/4iHs9FTT6cgTexxdE0Ly/glccBAkloH/DofkjRbZU3bnoj38mOmhkZ0lHw==",
            "engines": {
                "node": ">=12"
            },
            "funding": {
                "url": "https://github.com/sponsors/sindresorhus"
            }
        },
        "node_modules/figlet": {
            "version": "1.5.2",
            "resolved": "https://registry.npmjs.org/figlet/-/figlet-1.5.2.tgz",
            "integrity": "sha512-WOn21V8AhyE1QqVfPIVxe3tupJacq1xGkPTB4iagT6o+P2cAgEOOwIxMftr4+ZCTI6d551ij9j61DFr0nsP2uQ==",
            "engines": {
                "node": ">= 0.4.0"
            }
        },
        "node_modules/figures": {
            "version": "4.0.0",
            "resolved": "https://registry.npmjs.org/figures/-/figures-4.0.0.tgz",
            "integrity": "sha512-VnYcWq6H6F0qDN0QnorznBr0abEovifzUokmnezpKZBUbDmbLAt7LMryOp1TKFVxLxyNYkxEkCEADZR58U9oSw==",
            "dependencies": {
                "escape-string-regexp": "^5.0.0",
                "is-unicode-supported": "^1.0.0"
            },
            "engines": {
                "node": ">=12"
            },
            "funding": {
                "url": "https://github.com/sponsors/sindresorhus"
            }
        },
        "node_modules/follow-redirects": {
            "version": "1.14.9",
            "resolved": "https://registry.npmjs.org/follow-redirects/-/follow-redirects-1.14.9.tgz",
            "integrity": "sha512-MQDfihBQYMcyy5dhRDJUHcw7lb2Pv/TuE6xP1vyraLukNDHKbDxDNaOE3NbCAdKQApno+GPRyo1YAp89yCjK4w==",
            "funding": [
                {
                    "type": "individual",
                    "url": "https://github.com/sponsors/RubenVerborgh"
                }
            ],
            "engines": {
                "node": ">=4.0"
            },
            "peerDependenciesMeta": {
                "debug": {
                    "optional": true
                }
            }
        },
        "node_modules/get-caller-file": {
            "version": "2.0.5",
            "resolved": "https://registry.npmjs.org/get-caller-file/-/get-caller-file-2.0.5.tgz",
            "integrity": "sha512-DyFP3BM/3YHTQOCUL/w0OZHR0lpKeGrxotcHWcqNEdnltqFwXVfhEBQ94eIo34AfQpo0rGki4cyIiftY06h2Fg==",
            "engines": {
                "node": "6.* || 8.* || >= 10.*"
            }
        },
        "node_modules/gradient-string": {
            "version": "2.0.0",
            "resolved": "https://registry.npmjs.org/gradient-string/-/gradient-string-2.0.0.tgz",
            "integrity": "sha512-xa+FXy1bOfJWqA4xKlKTfVXxuOwNRwvsO7Tj8oi/6Rodfgo4ENKApVOU95KxTKb7eML9E9eA2Uqq3C9LtVPM5w==",
            "dependencies": {
                "chalk": "^4.1.2",
                "tinygradient": "^1.1.5"
            },
            "engines": {
                "node": ">=10"
            }
        },
        "node_modules/has-flag": {
            "version": "4.0.0",
            "resolved": "https://registry.npmjs.org/has-flag/-/has-flag-4.0.0.tgz",
            "integrity": "sha512-EykJT/Q1KjTWctppgIAgfSO0tKVuZUjhgMr17kqTumMl6Afv3EISleU7qZUzoXDFTAHTDC4NOoG/ZxU3EvlMPQ==",
            "engines": {
                "node": ">=8"
            }
        },
        "node_modules/is-fullwidth-code-point": {
            "version": "3.0.0",
            "resolved": "https://registry.npmjs.org/is-fullwidth-code-point/-/is-fullwidth-code-point-3.0.0.tgz",
            "integrity": "sha512-zymm5+u+sCsSWyD9qNaejV3DFvhCKclKdizYaJUuHA83RLjb7nSuGnddCHGv0hk+KY7BMAlsWeK4Ueg6EV6XQg==",
            "engines": {
                "node": ">=8"
            }
        },
        "node_modules/is-unicode-supported": {
            "version": "1.1.0",
            "resolved": "https://registry.npmjs.org/is-unicode-supported/-/is-unicode-supported-1.1.0.tgz",
            "integrity": "sha512-lDcxivp8TJpLG75/DpatAqNzOpDPSpED8XNtrpBHTdQ2InQ1PbW78jhwSxyxhhu+xbVSast2X38bwj8atwoUQA==",
            "engines": {
                "node": ">=12"
            },
            "funding": {
                "url": "https://github.com/sponsors/sindresorhus"
            }
        },
        "node_modules/log-symbols": {
            "version": "5.1.0",
            "resolved": "https://registry.npmjs.org/log-symbols/-/log-symbols-5.1.0.tgz",
            "integrity": "sha512-l0x2DvrW294C9uDCoQe1VSU4gf529FkSZ6leBl4TiqZH/e+0R7hSfHQBNut2mNygDgHwvYHfFLn6Oxb3VWj2rA==",
            "dependencies": {
                "chalk": "^5.0.0",
                "is-unicode-supported": "^1.1.0"
            },
            "engines": {
                "node": ">=12"
            },
            "funding": {
                "url": "https://github.com/sponsors/sindresorhus"
            }
        },
        "node_modules/log-symbols/node_modules/chalk": {
            "version": "5.0.0",
            "resolved": "https://registry.npmjs.org/chalk/-/chalk-5.0.0.tgz",
            "integrity": "sha512-/duVOqst+luxCQRKEo4bNxinsOQtMP80ZYm7mMqzuh5PociNL0PvmHFvREJ9ueYL2TxlHjBcmLCdmocx9Vg+IQ==",
            "engines": {
                "node": "^12.17.0 || ^14.13 || >=16.0.0"
            },
            "funding": {
                "url": "https://github.com/chalk/chalk?sponsor=1"
            }
        },
        "node_modules/luxon": {
            "version": "2.3.1",
            "resolved": "https://registry.npmjs.org/luxon/-/luxon-2.3.1.tgz",
            "integrity": "sha512-I8vnjOmhXsMSlNMZlMkSOvgrxKJl0uOsEzdGgGNZuZPaS9KlefpE9KV95QFftlJSC+1UyCC9/I69R02cz/zcCA==",
            "engines": {
                "node": ">=12"
            }
        },
        "node_modules/moment": {
            "version": "2.29.1",
            "resolved": "https://registry.npmjs.org/moment/-/moment-2.29.1.tgz",
            "integrity": "sha512-kHmoybcPV8Sqy59DwNDY3Jefr64lK/by/da0ViFcuA4DH0vQg5Q6Ze5VimxkfQNSC+Mls/Kx53s7TjP1RhFEDQ==",
            "engines": {
                "node": "*"
            }
        },
        "node_modules/moment-timezone": {
            "version": "0.5.34",
            "resolved": "https://registry.npmjs.org/moment-timezone/-/moment-timezone-0.5.34.tgz",
            "integrity": "sha512-3zAEHh2hKUs3EXLESx/wsgw6IQdusOT8Bxm3D9UrHPQR7zlMmzwybC8zHEM1tQ4LJwP7fcxrWr8tuBg05fFCbg==",
            "dependencies": {
                "moment": ">= 2.9.0"
            },
            "engines": {
                "node": "*"
            }
        },
        "node_modules/node-cron": {
            "version": "3.0.0",
            "resolved": "https://registry.npmjs.org/node-cron/-/node-cron-3.0.0.tgz",
            "integrity": "sha512-DDwIvvuCwrNiaU7HEivFDULcaQualDv7KoNlB/UU1wPW0n1tDEmBJKhEIE6DlF2FuoOHcNbLJ8ITL2Iv/3AWmA==",
            "dependencies": {
                "moment-timezone": "^0.5.31"
            },
            "engines": {
                "node": ">=6.0.0"
            }
        },
        "node_modules/pretty-bytes": {
            "version": "6.0.0",
            "resolved": "https://registry.npmjs.org/pretty-bytes/-/pretty-bytes-6.0.0.tgz",
            "integrity": "sha512-6UqkYefdogmzqAZWzJ7laYeJnaXDy2/J+ZqiiMtS7t7OfpXWTlaeGMwX8U6EFvPV/YWWEKRkS8hKS4k60WHTOg==",
            "engines": {
                "node": "^14.13.1 || >=16.0.0"
            },
            "funding": {
                "url": "https://github.com/sponsors/sindresorhus"
            }
        },
        "node_modules/require-directory": {
            "version": "2.1.1",
            "resolved": "https://registry.npmjs.org/require-directory/-/require-directory-2.1.1.tgz",
            "integrity": "sha1-jGStX9MNqxyXbiNE/+f3kqam30I=",
            "engines": {
                "node": ">=0.10.0"
            }
        },
        "node_modules/sanitize-filename": {
            "version": "1.6.3",
            "resolved": "https://registry.npmjs.org/sanitize-filename/-/sanitize-filename-1.6.3.tgz",
            "integrity": "sha512-y/52Mcy7aw3gRm7IrcGDFx/bCk4AhRh2eI9luHOQM86nZsqwiRkkq2GekHXBBD+SmPidc8i2PqtYZl+pWJ8Oeg==",
            "dependencies": {
                "truncate-utf8-bytes": "^1.0.0"
            }
        },
        "node_modules/semver-parser": {
            "version": "4.0.0",
            "resolved": "https://registry.npmjs.org/semver-parser/-/semver-parser-4.0.0.tgz",
            "integrity": "sha512-CuRktnsJOxAhUFqsWxP9T6oNtDggcMqhBt/6yuvSfnAdtks+9eGGUVW4K4JQU0cpe075W3VS7Tsdd8DuiemJPg=="
        },
        "node_modules/string-width": {
            "version": "4.2.3",
            "resolved": "https://registry.npmjs.org/string-width/-/string-width-4.2.3.tgz",
            "integrity": "sha512-wKyQRQpjJ0sIp62ErSZdGsjMJWsap5oRNihHhu6G7JVO/9jIB6UyevL+tXuOqrng8j/cxKTWyWUwvSTriiZz/g==",
            "dependencies": {
                "emoji-regex": "^8.0.0",
                "is-fullwidth-code-point": "^3.0.0",
                "strip-ansi": "^6.0.1"
            },
            "engines": {
                "node": ">=8"
            }
        },
        "node_modules/strip-ansi": {
            "version": "6.0.1",
            "resolved": "https://registry.npmjs.org/strip-ansi/-/strip-ansi-6.0.1.tgz",
            "integrity": "sha512-Y38VPSHcqkFrCpFnQ9vuSXmquuv5oXOKpGeT6aGrr3o3Gc9AlVa6JBfUSOCnbxGGZF+/0ooI7KrPuUSztUdU5A==",
            "dependencies": {
                "ansi-regex": "^5.0.1"
            },
            "engines": {
                "node": ">=8"
            }
        },
        "node_modules/supports-color": {
            "version": "7.2.0",
            "resolved": "https://registry.npmjs.org/supports-color/-/supports-color-7.2.0.tgz",
            "integrity": "sha512-qpCAvRl9stuOHveKsn7HncJRvv501qIacKzQlO/+Lwxc9+0q2wLyv4Dfvt80/DPn2pqOBsJdDiogXGR9+OvwRw==",
            "dependencies": {
                "has-flag": "^4.0.0"
            },
            "engines": {
                "node": ">=8"
            }
        },
        "node_modules/tinycolor2": {
            "version": "1.4.2",
            "resolved": "https://registry.npmjs.org/tinycolor2/-/tinycolor2-1.4.2.tgz",
            "integrity": "sha512-vJhccZPs965sV/L2sU4oRQVAos0pQXwsvTLkWYdqJ+a8Q5kPFzJTuOFwy7UniPli44NKQGAglksjvOcpo95aZA==",
            "engines": {
                "node": "*"
            }
        },
        "node_modules/tinygradient": {
            "version": "1.1.5",
            "resolved": "https://registry.npmjs.org/tinygradient/-/tinygradient-1.1.5.tgz",
            "integrity": "sha512-8nIfc2vgQ4TeLnk2lFj4tRLvvJwEfQuabdsmvDdQPT0xlk9TaNtpGd6nNRxXoK6vQhN6RSzj+Cnp5tTQmpxmbw==",
            "dependencies": {
                "@types/tinycolor2": "^1.4.0",
                "tinycolor2": "^1.0.0"
            }
        },
        "node_modules/truncate-utf8-bytes": {
            "version": "1.0.2",
            "resolved": "https://registry.npmjs.org/truncate-utf8-bytes/-/truncate-utf8-bytes-1.0.2.tgz",
            "integrity": "sha1-QFkjkJWS1W94pYGENLC3hInKXys=",
            "dependencies": {
                "utf8-byte-length": "^1.0.1"
            }
        },
        "node_modules/utf8-byte-length": {
            "version": "1.0.4",
            "resolved": "https://registry.npmjs.org/utf8-byte-length/-/utf8-byte-length-1.0.4.tgz",
            "integrity": "sha1-9F8VDExm7uloGGUFq5P8u4rWv2E="
        },
        "node_modules/wrap-ansi": {
            "version": "7.0.0",
            "resolved": "https://registry.npmjs.org/wrap-ansi/-/wrap-ansi-7.0.0.tgz",
            "integrity": "sha512-YVGIj2kamLSTxw6NsZjoBxfSwsn0ycdesmc4p+Q21c5zPuZ1pl+NfxVdxPtdHvmNVOQ6XSYG4AUtyt/Fi7D16Q==",
            "dependencies": {
                "ansi-styles": "^4.0.0",
                "string-width": "^4.1.0",
                "strip-ansi": "^6.0.0"
            },
            "engines": {
                "node": ">=10"
            },
            "funding": {
                "url": "https://github.com/chalk/wrap-ansi?sponsor=1"
            }
        },
        "node_modules/y18n": {
            "version": "5.0.8",
            "resolved": "https://registry.npmjs.org/y18n/-/y18n-5.0.8.tgz",
            "integrity": "sha512-0pfFzegeDWJHJIAmTLRP2DwHjdF5s7jo9tuztdQxAhINCdvS+3nGINqPd00AphqJR/0LhANUS6/+7SCb98YOfA==",
            "engines": {
                "node": ">=10"
            }
        },
        "node_modules/yargs": {
            "version": "17.3.1",
            "resolved": "https://registry.npmjs.org/yargs/-/yargs-17.3.1.tgz",
            "integrity": "sha512-WUANQeVgjLbNsEmGk20f+nlHgOqzRFpiGWVaBrYGYIGANIIu3lWjoyi0fNlFmJkvfhCZ6BXINe7/W2O2bV4iaA==",
            "dependencies": {
                "cliui": "^7.0.2",
                "escalade": "^3.1.1",
                "get-caller-file": "^2.0.5",
                "require-directory": "^2.1.1",
                "string-width": "^4.2.3",
                "y18n": "^5.0.5",
                "yargs-parser": "^21.0.0"
            },
            "engines": {
                "node": ">=12"
            }
        },
        "node_modules/yargs-parser": {
            "version": "21.0.1",
            "resolved": "https://registry.npmjs.org/yargs-parser/-/yargs-parser-21.0.1.tgz",
            "integrity": "sha512-9BK1jFpLzJROCI5TzwZL/TU4gqjK5xiHV/RfWLOahrjAko/e4DJkRDZQXfvqAsiZzzYhgAzbgz6lg48jcm4GLg==",
            "engines": {
                "node": ">=12"
            }
        }
    },
    "dependencies": {
        "@types/tinycolor2": {
            "version": "1.4.3",
            "resolved": "https://registry.npmjs.org/@types/tinycolor2/-/tinycolor2-1.4.3.tgz",
            "integrity": "sha512-Kf1w9NE5HEgGxCRyIcRXR/ZYtDv0V8FVPtYHwLxl0O+maGX0erE77pQlD0gpP+/KByMZ87mOA79SjifhSB3PjQ=="
        },
        "ansi-regex": {
            "version": "5.0.1",
            "resolved": "https://registry.npmjs.org/ansi-regex/-/ansi-regex-5.0.1.tgz",
            "integrity": "sha512-quJQXlTSUGL2LH9SUXo8VwsY4soanhgo6LNSm84E1LBcE8s3O0wpdiRzyR9z/ZZJMlMWv37qOOb9pdJlMUEKFQ=="
        },
        "ansi-styles": {
            "version": "4.3.0",
            "resolved": "https://registry.npmjs.org/ansi-styles/-/ansi-styles-4.3.0.tgz",
            "integrity": "sha512-zbB9rCJAT1rbjiVDb2hqKFHNYLxgtk8NURxZ3IZwD3F6NtxbXZQCnnSi1Lkx+IDohdPlFp222wVALIheZJQSEg==",
            "requires": {
                "color-convert": "^2.0.1"
            }
        },
        "axios": {
            "version": "0.26.0",
            "resolved": "https://registry.npmjs.org/axios/-/axios-0.26.0.tgz",
            "integrity": "sha512-lKoGLMYtHvFrPVt3r+RBMp9nh34N0M8zEfCWqdWZx6phynIEhQqAdydpyBAAG211zlhX9Rgu08cOamy6XjE5Og==",
            "requires": {
                "follow-redirects": "^1.14.8"
            }
        },
        "chalk": {
            "version": "4.1.2",
            "resolved": "https://registry.npmjs.org/chalk/-/chalk-4.1.2.tgz",
            "integrity": "sha512-oKnbhFyRIXpUuez8iBMmyEa4nbj4IOQyuhc/wy9kY7/WVPcwIO9VA668Pu8RkO7+0G76SLROeyw9CpQ061i4mA==",
            "requires": {
                "ansi-styles": "^4.1.0",
                "supports-color": "^7.1.0"
            }
        },
        "cli-table3": {
            "version": "0.6.1",
            "resolved": "https://registry.npmjs.org/cli-table3/-/cli-table3-0.6.1.tgz",
            "integrity": "sha512-w0q/enDHhPLq44ovMGdQeeDLvwxwavsJX7oQGYt/LrBlYsyaxyDnp6z3QzFut/6kLLKnlcUVJLrpB7KBfgG/RA==",
            "requires": {
                "colors": "1.4.0",
                "string-width": "^4.2.0"
            }
        },
        "cliui": {
            "version": "7.0.4",
            "resolved": "https://registry.npmjs.org/cliui/-/cliui-7.0.4.tgz",
            "integrity": "sha512-OcRE68cOsVMXp1Yvonl/fzkQOyjLSu/8bhPDfQt0e0/Eb283TKP20Fs2MqoPsr9SwA595rRCA+QMzYc9nBP+JQ==",
            "requires": {
                "string-width": "^4.2.0",
                "strip-ansi": "^6.0.0",
                "wrap-ansi": "^7.0.0"
            }
        },
        "color-convert": {
            "version": "2.0.1",
            "resolved": "https://registry.npmjs.org/color-convert/-/color-convert-2.0.1.tgz",
            "integrity": "sha512-RRECPsj7iu/xb5oKYcsFHSppFNnsj/52OVTRKb4zP5onXwVF3zVmmToNcOfGC+CRDpfK/U584fMg38ZHCaElKQ==",
            "requires": {
                "color-name": "~1.1.4"
            }
        },
        "color-name": {
            "version": "1.1.4",
            "resolved": "https://registry.npmjs.org/color-name/-/color-name-1.1.4.tgz",
            "integrity": "sha512-dOy+3AuW3a2wNbZHIuMZpTcgjGuLU/uBL/ubcZF9OXbDo8ff4O8yVp5Bf0efS8uEoYo5q4Fx7dY9OgQGXgAsQA=="
        },
        "colors": {
            "version": "1.4.0",
            "resolved": "https://registry.npmjs.org/colors/-/colors-1.4.0.tgz",
            "integrity": "sha512-a+UqTh4kgZg/SlGvfbzDHpgRu7AAQOmmqRHJnxhRZICKFUT91brVhNNt58CMWU9PsBbv3PDCZUHbVxuDiH2mtA=="
        },
        "death": {
            "version": "1.1.0",
            "resolved": "https://registry.npmjs.org/death/-/death-1.1.0.tgz",
            "integrity": "sha1-AaqcQB7dknUFFEcLgmY5DGbGcxg="
        },
        "dev-null": {
            "version": "0.1.1",
            "resolved": "https://registry.npmjs.org/dev-null/-/dev-null-0.1.1.tgz",
            "integrity": "sha1-WiBc48Ky73e2I41roXnrdMag6Bg="
        },
        "emoji-regex": {
            "version": "8.0.0",
            "resolved": "https://registry.npmjs.org/emoji-regex/-/emoji-regex-8.0.0.tgz",
            "integrity": "sha512-MSjYzcWNOA0ewAHpz0MxpYFvwg6yjy1NG3xteoqz644VCo/RPgnr1/GGt+ic3iJTzQ8Eu3TdM14SawnVUmGE6A=="
        },
        "escalade": {
            "version": "3.1.1",
            "resolved": "https://registry.npmjs.org/escalade/-/escalade-3.1.1.tgz",
            "integrity": "sha512-k0er2gUkLf8O0zKJiAhmkTnJlTvINGv7ygDNPbeIsX/TJjGJZHuh9B2UxbsaEkmlEo9MfhrSzmhIlhRlI2GXnw=="
        },
        "escape-string-regexp": {
            "version": "5.0.0",
            "resolved": "https://registry.npmjs.org/escape-string-regexp/-/escape-string-regexp-5.0.0.tgz",
            "integrity": "sha512-/veY75JbMK4j1yjvuUxuVsiS/hr/4iHs9FTT6cgTexxdE0Ly/glccBAkloH/DofkjRbZU3bnoj38mOmhkZ0lHw=="
        },
        "figlet": {
            "version": "1.5.2",
            "resolved": "https://registry.npmjs.org/figlet/-/figlet-1.5.2.tgz",
            "integrity": "sha512-WOn21V8AhyE1QqVfPIVxe3tupJacq1xGkPTB4iagT6o+P2cAgEOOwIxMftr4+ZCTI6d551ij9j61DFr0nsP2uQ=="
        },
        "figures": {
            "version": "4.0.0",
            "resolved": "https://registry.npmjs.org/figures/-/figures-4.0.0.tgz",
            "integrity": "sha512-VnYcWq6H6F0qDN0QnorznBr0abEovifzUokmnezpKZBUbDmbLAt7LMryOp1TKFVxLxyNYkxEkCEADZR58U9oSw==",
            "requires": {
                "escape-string-regexp": "^5.0.0",
                "is-unicode-supported": "^1.0.0"
            }
        },
        "follow-redirects": {
            "version": "1.14.9",
            "resolved": "https://registry.npmjs.org/follow-redirects/-/follow-redirects-1.14.9.tgz",
            "integrity": "sha512-MQDfihBQYMcyy5dhRDJUHcw7lb2Pv/TuE6xP1vyraLukNDHKbDxDNaOE3NbCAdKQApno+GPRyo1YAp89yCjK4w=="
        },
        "get-caller-file": {
            "version": "2.0.5",
            "resolved": "https://registry.npmjs.org/get-caller-file/-/get-caller-file-2.0.5.tgz",
            "integrity": "sha512-DyFP3BM/3YHTQOCUL/w0OZHR0lpKeGrxotcHWcqNEdnltqFwXVfhEBQ94eIo34AfQpo0rGki4cyIiftY06h2Fg=="
        },
        "gradient-string": {
            "version": "2.0.0",
            "resolved": "https://registry.npmjs.org/gradient-string/-/gradient-string-2.0.0.tgz",
            "integrity": "sha512-xa+FXy1bOfJWqA4xKlKTfVXxuOwNRwvsO7Tj8oi/6Rodfgo4ENKApVOU95KxTKb7eML9E9eA2Uqq3C9LtVPM5w==",
            "requires": {
                "chalk": "^4.1.2",
                "tinygradient": "^1.1.5"
            }
        },
        "has-flag": {
            "version": "4.0.0",
            "resolved": "https://registry.npmjs.org/has-flag/-/has-flag-4.0.0.tgz",
            "integrity": "sha512-EykJT/Q1KjTWctppgIAgfSO0tKVuZUjhgMr17kqTumMl6Afv3EISleU7qZUzoXDFTAHTDC4NOoG/ZxU3EvlMPQ=="
        },
        "is-fullwidth-code-point": {
            "version": "3.0.0",
            "resolved": "https://registry.npmjs.org/is-fullwidth-code-point/-/is-fullwidth-code-point-3.0.0.tgz",
            "integrity": "sha512-zymm5+u+sCsSWyD9qNaejV3DFvhCKclKdizYaJUuHA83RLjb7nSuGnddCHGv0hk+KY7BMAlsWeK4Ueg6EV6XQg=="
        },
        "is-unicode-supported": {
            "version": "1.1.0",
            "resolved": "https://registry.npmjs.org/is-unicode-supported/-/is-unicode-supported-1.1.0.tgz",
            "integrity": "sha512-lDcxivp8TJpLG75/DpatAqNzOpDPSpED8XNtrpBHTdQ2InQ1PbW78jhwSxyxhhu+xbVSast2X38bwj8atwoUQA=="
        },
        "log-symbols": {
            "version": "5.1.0",
            "resolved": "https://registry.npmjs.org/log-symbols/-/log-symbols-5.1.0.tgz",
            "integrity": "sha512-l0x2DvrW294C9uDCoQe1VSU4gf529FkSZ6leBl4TiqZH/e+0R7hSfHQBNut2mNygDgHwvYHfFLn6Oxb3VWj2rA==",
            "requires": {
                "chalk": "^5.0.0",
                "is-unicode-supported": "^1.1.0"
            },
            "dependencies": {
                "chalk": {
                    "version": "5.0.0",
                    "resolved": "https://registry.npmjs.org/chalk/-/chalk-5.0.0.tgz",
                    "integrity": "sha512-/duVOqst+luxCQRKEo4bNxinsOQtMP80ZYm7mMqzuh5PociNL0PvmHFvREJ9ueYL2TxlHjBcmLCdmocx9Vg+IQ=="
                }
            }
        },
        "luxon": {
            "version": "2.3.1",
            "resolved": "https://registry.npmjs.org/luxon/-/luxon-2.3.1.tgz",
            "integrity": "sha512-I8vnjOmhXsMSlNMZlMkSOvgrxKJl0uOsEzdGgGNZuZPaS9KlefpE9KV95QFftlJSC+1UyCC9/I69R02cz/zcCA=="
        },
        "moment": {
            "version": "2.29.1",
            "resolved": "https://registry.npmjs.org/moment/-/moment-2.29.1.tgz",
            "integrity": "sha512-kHmoybcPV8Sqy59DwNDY3Jefr64lK/by/da0ViFcuA4DH0vQg5Q6Ze5VimxkfQNSC+Mls/Kx53s7TjP1RhFEDQ=="
        },
        "moment-timezone": {
            "version": "0.5.34",
            "resolved": "https://registry.npmjs.org/moment-timezone/-/moment-timezone-0.5.34.tgz",
            "integrity": "sha512-3zAEHh2hKUs3EXLESx/wsgw6IQdusOT8Bxm3D9UrHPQR7zlMmzwybC8zHEM1tQ4LJwP7fcxrWr8tuBg05fFCbg==",
            "requires": {
                "moment": ">= 2.9.0"
            }
        },
        "node-cron": {
            "version": "3.0.0",
            "resolved": "https://registry.npmjs.org/node-cron/-/node-cron-3.0.0.tgz",
            "integrity": "sha512-DDwIvvuCwrNiaU7HEivFDULcaQualDv7KoNlB/UU1wPW0n1tDEmBJKhEIE6DlF2FuoOHcNbLJ8ITL2Iv/3AWmA==",
            "requires": {
                "moment-timezone": "^0.5.31"
            }
        },
        "pretty-bytes": {
            "version": "6.0.0",
            "resolved": "https://registry.npmjs.org/pretty-bytes/-/pretty-bytes-6.0.0.tgz",
            "integrity": "sha512-6UqkYefdogmzqAZWzJ7laYeJnaXDy2/J+ZqiiMtS7t7OfpXWTlaeGMwX8U6EFvPV/YWWEKRkS8hKS4k60WHTOg=="
        },
        "require-directory": {
            "version": "2.1.1",
            "resolved": "https://registry.npmjs.org/require-directory/-/require-directory-2.1.1.tgz",
            "integrity": "sha1-jGStX9MNqxyXbiNE/+f3kqam30I="
        },
        "sanitize-filename": {
            "version": "1.6.3",
            "resolved": "https://registry.npmjs.org/sanitize-filename/-/sanitize-filename-1.6.3.tgz",
            "integrity": "sha512-y/52Mcy7aw3gRm7IrcGDFx/bCk4AhRh2eI9luHOQM86nZsqwiRkkq2GekHXBBD+SmPidc8i2PqtYZl+pWJ8Oeg==",
            "requires": {
                "truncate-utf8-bytes": "^1.0.0"
            }
        },
        "semver-parser": {
            "version": "4.0.0",
            "resolved": "https://registry.npmjs.org/semver-parser/-/semver-parser-4.0.0.tgz",
            "integrity": "sha512-CuRktnsJOxAhUFqsWxP9T6oNtDggcMqhBt/6yuvSfnAdtks+9eGGUVW4K4JQU0cpe075W3VS7Tsdd8DuiemJPg=="
        },
        "string-width": {
            "version": "4.2.3",
            "resolved": "https://registry.npmjs.org/string-width/-/string-width-4.2.3.tgz",
            "integrity": "sha512-wKyQRQpjJ0sIp62ErSZdGsjMJWsap5oRNihHhu6G7JVO/9jIB6UyevL+tXuOqrng8j/cxKTWyWUwvSTriiZz/g==",
            "requires": {
                "emoji-regex": "^8.0.0",
                "is-fullwidth-code-point": "^3.0.0",
                "strip-ansi": "^6.0.1"
            }
        },
        "strip-ansi": {
            "version": "6.0.1",
            "resolved": "https://registry.npmjs.org/strip-ansi/-/strip-ansi-6.0.1.tgz",
            "integrity": "sha512-Y38VPSHcqkFrCpFnQ9vuSXmquuv5oXOKpGeT6aGrr3o3Gc9AlVa6JBfUSOCnbxGGZF+/0ooI7KrPuUSztUdU5A==",
            "requires": {
                "ansi-regex": "^5.0.1"
            }
        },
        "supports-color": {
            "version": "7.2.0",
            "resolved": "https://registry.npmjs.org/supports-color/-/supports-color-7.2.0.tgz",
            "integrity": "sha512-qpCAvRl9stuOHveKsn7HncJRvv501qIacKzQlO/+Lwxc9+0q2wLyv4Dfvt80/DPn2pqOBsJdDiogXGR9+OvwRw==",
            "requires": {
                "has-flag": "^4.0.0"
            }
        },
        "tinycolor2": {
            "version": "1.4.2",
            "resolved": "https://registry.npmjs.org/tinycolor2/-/tinycolor2-1.4.2.tgz",
            "integrity": "sha512-vJhccZPs965sV/L2sU4oRQVAos0pQXwsvTLkWYdqJ+a8Q5kPFzJTuOFwy7UniPli44NKQGAglksjvOcpo95aZA=="
        },
        "tinygradient": {
            "version": "1.1.5",
            "resolved": "https://registry.npmjs.org/tinygradient/-/tinygradient-1.1.5.tgz",
            "integrity": "sha512-8nIfc2vgQ4TeLnk2lFj4tRLvvJwEfQuabdsmvDdQPT0xlk9TaNtpGd6nNRxXoK6vQhN6RSzj+Cnp5tTQmpxmbw==",
            "requires": {
                "@types/tinycolor2": "^1.4.0",
                "tinycolor2": "^1.0.0"
            }
        },
        "truncate-utf8-bytes": {
            "version": "1.0.2",
            "resolved": "https://registry.npmjs.org/truncate-utf8-bytes/-/truncate-utf8-bytes-1.0.2.tgz",
            "integrity": "sha1-QFkjkJWS1W94pYGENLC3hInKXys=",
            "requires": {
                "utf8-byte-length": "^1.0.1"
            }
        },
        "utf8-byte-length": {
            "version": "1.0.4",
            "resolved": "https://registry.npmjs.org/utf8-byte-length/-/utf8-byte-length-1.0.4.tgz",
            "integrity": "sha1-9F8VDExm7uloGGUFq5P8u4rWv2E="
        },
        "wrap-ansi": {
            "version": "7.0.0",
            "resolved": "https://registry.npmjs.org/wrap-ansi/-/wrap-ansi-7.0.0.tgz",
            "integrity": "sha512-YVGIj2kamLSTxw6NsZjoBxfSwsn0ycdesmc4p+Q21c5zPuZ1pl+NfxVdxPtdHvmNVOQ6XSYG4AUtyt/Fi7D16Q==",
            "requires": {
                "ansi-styles": "^4.0.0",
                "string-width": "^4.1.0",
                "strip-ansi": "^6.0.0"
            }
        },
        "y18n": {
            "version": "5.0.8",
            "resolved": "https://registry.npmjs.org/y18n/-/y18n-5.0.8.tgz",
            "integrity": "sha512-0pfFzegeDWJHJIAmTLRP2DwHjdF5s7jo9tuztdQxAhINCdvS+3nGINqPd00AphqJR/0LhANUS6/+7SCb98YOfA=="
        },
        "yargs": {
            "version": "17.3.1",
            "resolved": "https://registry.npmjs.org/yargs/-/yargs-17.3.1.tgz",
            "integrity": "sha512-WUANQeVgjLbNsEmGk20f+nlHgOqzRFpiGWVaBrYGYIGANIIu3lWjoyi0fNlFmJkvfhCZ6BXINe7/W2O2bV4iaA==",
            "requires": {
                "cliui": "^7.0.2",
                "escalade": "^3.1.1",
                "get-caller-file": "^2.0.5",
                "require-directory": "^2.1.1",
                "string-width": "^4.2.3",
                "y18n": "^5.0.5",
                "yargs-parser": "^21.0.0"
            }
        },
        "yargs-parser": {
            "version": "21.0.1",
            "resolved": "https://registry.npmjs.org/yargs-parser/-/yargs-parser-21.0.1.tgz",
            "integrity": "sha512-9BK1jFpLzJROCI5TzwZL/TU4gqjK5xiHV/RfWLOahrjAko/e4DJkRDZQXfvqAsiZzzYhgAzbgz6lg48jcm4GLg=="
        }
    }
}
